<?xml version="1.0" encoding="UTF-8" standalone="yes" ?>
<CodeBlocks_project_file>
	<FileVersion major="1" minor="6" />
	<Project>
		<Option title="stream" />
		<Option pch_mode="2" />
		<Option compiler="gcc" />
		<Build>
			<Target title="default">
				<Option output="../../../bin/stream" prefix_auto="1" extension_auto="1" />
				<Option type="1" />
				<Option compiler="gcc" />
			</Target>
		</Build>
		<Compiler>
			<Add directory="../../../include" />
		</Compiler>
		<Linker>
			<Add option="../../../lib/libgaudio.dll.a" />
		</Linker>
		<Unit filename="../getopt.c">
			<Option compilerVar="CC" />
		</Unit>
		<Unit filename="../getopt.h">
			<Option compilerVar="CC" />
		</Unit>
		<Unit filename="../stream.c">
			<Option compilerVar="CC" />
		</Unit>
		<Extensions>
			<code_completion />
			<envvars />
			<debugger />
		</Extensions>
	</Project>
</CodeBlocks_project_file>
