<?xml version="1.0" encoding="UTF-8" standalone="yes" ?>
<CodeBlocks_project_file>
	<FileVersion major="1" minor="6" />
	<Project>
		<Option title="glibsndfileout" />
		<Option pch_mode="2" />
		<Option compiler="gcc" />
		<Build>
			<Target title="default">
				<Option output="..\gaudio-sdk\bin\addons\glibsndfileout" prefix_auto="1" extension_auto="1" />
				<Option object_output="o" />
				<Option type="3" />
				<Option compiler="gcc" />
				<Option createDefFile="1" />
				<Option createStaticLib="1" />
				<Linker>
					<Add option="-static-libstdc++" />
					<Add option="-static-libgcc" />
					<Add library="E:\c++lib\gcc\libsndfile-1.lib" />
				</Linker>
			</Target>
		</Build>
		<Compiler>
			<Add option="-DBUILDING_DLL=1" />
			<Add directory="..\gaudio-sdk\include" />
		</Compiler>
		<Unit filename="encode\lib_Encoder.h" />
		<Unit filename="encode\lib_Sndfile.cpp" />
		<Unit filename="encode\lib_Sndfile.h" />
		<Unit filename="grecorder.cpp" />
		<Unit filename="internal.h" />
		<Unit filename="libaudio.h" />
		<Unit filename="libe.cpp" />
		<Unit filename="private.rc">
			<Option compilerVar="CPP" />
		</Unit>
		<Extensions>
			<code_completion />
			<debugger />
		</Extensions>
	</Project>
</CodeBlocks_project_file>
