
Microsoft Visual Studio Solution File, Format Version 10.00
# Visual Studio 2008
Project("{8BC9CEB8-8B4A-11D0-8D11-00A0C91BC942}") = "GPlayer", "GPlayer.vcproj", "{3A7CE776-32AF-4910-BA48-E671C05410C0}"
EndProject
Global
	GlobalSection(SolutionConfigurationPlatforms) = preSolution
		Debug|Win32 = Debug|Win32
		Release|Win32 = Release|Win32
	EndGlobalSection
	GlobalSection(ProjectConfigurationPlatforms) = postSolution
		{3A7CE776-32AF-4910-BA48-E671C05410C0}.Debug|Win32.ActiveCfg = Debug|Win32
		{3A7CE776-32AF-4910-BA48-E671C05410C0}.Debug|Win32.Build.0 = Debug|Win32
		{3A7CE776-32AF-4910-BA48-E671C05410C0}.Release|Win32.ActiveCfg = Release|Win32
		{3A7CE776-32AF-4910-BA48-E671C05410C0}.Release|Win32.Build.0 = Release|Win32
	EndGlobalSection
	GlobalSection(SolutionProperties) = preSolution
		HideSolutionNode = FALSE
	EndGlobalSection
EndGlobal
